
Microsoft Visual Studio Solution File, Format Version 12.00
# Visual Studio 15
VisualStudioVersion = 15.0.26730.16
MinimumVisualStudioVersion = 10.0.40219.1
Project("{FAE04EC0-301F-11D3-BF4B-00C04F79EFBC}") = "VirtoCommerce.B2BCustomerModule.Web", "VirtoCommerce.B2BCustomerModule.Web\VirtoCommerce.B2BCustomerModule.Web.csproj", "{450CA87B-C1DF-4E87-9815-ABBFCC6EAB4E}"
EndProject
Project("{FAE04EC0-301F-11D3-BF4B-00C04F79EFBC}") = "VirtoCommerce.B2BCustomerModule.Core", "VirtoCommerce.B2BCustomerModule.Core\VirtoCommerce.B2BCustomerModule.Core.csproj", "{CCDAF920-8415-4EF0-8E12-52FF85E66641}"
EndProject
Project("{FAE04EC0-301F-11D3-BF4B-00C04F79EFBC}") = "VirtoCommerce.B2BCustomerModule.Data", "VirtoCommerce.B2BCustomerModule.Data\VirtoCommerce.B2BCustomerModule.Data.csproj", "{3EBDC89E-9457-4207-AB04-79686ADC8822}"
EndProject
Global
	GlobalSection(SolutionConfigurationPlatforms) = preSolution
		Debug|Any CPU = Debug|Any CPU
		Release|Any CPU = Release|Any CPU
	EndGlobalSection
	GlobalSection(ProjectConfigurationPlatforms) = postSolution
		{450CA87B-C1DF-4E87-9815-ABBFCC6EAB4E}.Debug|Any CPU.ActiveCfg = Debug|Any CPU
		{450CA87B-C1DF-4E87-9815-ABBFCC6EAB4E}.Debug|Any CPU.Build.0 = Debug|Any CPU
		{450CA87B-C1DF-4E87-9815-ABBFCC6EAB4E}.Release|Any CPU.ActiveCfg = Release|Any CPU
		{450CA87B-C1DF-4E87-9815-ABBFCC6EAB4E}.Release|Any CPU.Build.0 = Release|Any CPU
		{CCDAF920-8415-4EF0-8E12-52FF85E66641}.Debug|Any CPU.ActiveCfg = Debug|Any CPU
		{CCDAF920-8415-4EF0-8E12-52FF85E66641}.Debug|Any CPU.Build.0 = Debug|Any CPU
		{CCDAF920-8415-4EF0-8E12-52FF85E66641}.Release|Any CPU.ActiveCfg = Release|Any CPU
		{CCDAF920-8415-4EF0-8E12-52FF85E66641}.Release|Any CPU.Build.0 = Release|Any CPU
		{3EBDC89E-9457-4207-AB04-79686ADC8822}.Debug|Any CPU.ActiveCfg = Debug|Any CPU
		{3EBDC89E-9457-4207-AB04-79686ADC8822}.Debug|Any CPU.Build.0 = Debug|Any CPU
		{3EBDC89E-9457-4207-AB04-79686ADC8822}.Release|Any CPU.ActiveCfg = Release|Any CPU
		{3EBDC89E-9457-4207-AB04-79686ADC8822}.Release|Any CPU.Build.0 = Release|Any CPU
	EndGlobalSection
	GlobalSection(SolutionProperties) = preSolution
		HideSolutionNode = FALSE
	EndGlobalSection
	GlobalSection(ExtensibilityGlobals) = postSolution
		SolutionGuid = {CB7337FD-9620-479B-B709-9CBD3EA41821}
	EndGlobalSection
EndGlobal
